
Microsoft Visual Studio Solution File, Format Version 12.00
# Visual Studio Version 17
VisualStudioVersion = 17.9.34902.65
MinimumVisualStudioVersion = 10.0.40219.1
Project("{9A19103F-16F7-4668-BE54-9A1E7A4F7556}") = "TripNa_MVC", "TripNa_MVC\TripNa_MVC.csproj", "{EFDAA500-5B4D-494C-B75C-A0B1FE310130}"
EndProject
Global
	GlobalSection(SolutionConfigurationPlatforms) = preSolution
		Debug|Any CPU = Debug|Any CPU
		Release|Any CPU = Release|Any CPU
	EndGlobalSection
	GlobalSection(ProjectConfigurationPlatforms) = postSolution
		{EFDAA500-5B4D-494C-B75C-A0B1FE310130}.Debug|Any CPU.ActiveCfg = Debug|Any CPU
		{EFDAA500-5B4D-494C-B75C-A0B1FE310130}.Debug|Any CPU.Build.0 = Debug|Any CPU
		{EFDAA500-5B4D-494C-B75C-A0B1FE310130}.Release|Any CPU.ActiveCfg = Release|Any CPU
		{EFDAA500-5B4D-494C-B75C-A0B1FE310130}.Release|Any CPU.Build.0 = Release|Any CPU
	EndGlobalSection
	GlobalSection(SolutionProperties) = preSolution
		HideSolutionNode = FALSE
	EndGlobalSection
	GlobalSection(ExtensibilityGlobals) = postSolution
		SolutionGuid = {48E3B649-BB72-4FCC-B155-4F7C3C341945}
	EndGlobalSection
EndGlobal
